{
  "name": "outliner",
  "version": "0.0.0",
  "lockfileVersion": 1,
  "requires": true,
  "dependencies": {
    "Base64": {
      "version": "0.1.4",
      "resolved": "https://registry.npmjs.org/Base64/-/Base64-0.1.4.tgz",
      "integrity": "sha1-6fbGvvVn/WNepBYqsU3TKedKpt4="
    },
    "base64-js": {
      "version": "0.0.2",
      "resolved": "https://registry.npmjs.org/base64-js/-/base64-js-0.0.2.tgz",
      "integrity": "sha1-Ak8Pcq+iW3X5wO5zzU9V7Bvtl4Q="
    },
    "bops": {
      "version": "0.0.6",
      "resolved": "https://registry.npmjs.org/bops/-/bops-0.0.6.tgz",
      "integrity": "sha1-CC0dVfoB5g29wuvC26N/ZZVUzzo=",
      "requires": {
        "base64-js": "0.0.2",
        "to-utf8": "0.0.1"
      }
    },
    "browserify": {
      "version": "1.17.2",
      "resolved": "https://registry.npmjs.org/browserify/-/browserify-1.17.2.tgz",
      "integrity": "sha1-+xrWw20P6JDl290kwzhuCGMJtSA=",
      "requires": {
        "buffer-browserify": "~0.0.1",
        "coffee-script": "1.x.x",
        "commondir": "~0.0.1",
        "crypto-browserify": "~0",
        "deputy": "~0.0.3",
        "detective": "~0.2.0",
        "http-browserify": "~0.1.1",
        "nub": "~0.0.0",
        "optimist": "~0.3.4",
        "resolve": "~0.2.0",
        "syntax-error": "~0.0.0",
        "vm-browserify": "~0.0.0"
      }
    },
    "buffer-browserify": {
      "version": "0.0.5",
      "resolved": "https://registry.npmjs.org/buffer-browserify/-/buffer-browserify-0.0.5.tgz",
      "integrity": "sha1-iqaGMciogpxqTufvmjrH8sMemD4=",
      "requires": {
        "base64-js": "0.0.2"
      }
    },
    "chainsaw": {
      "version": "0.1.0",
      "resolved": "https://registry.npmjs.org/chainsaw/-/chainsaw-0.1.0.tgz",
      "integrity": "sha1-XqtQsor+WAdNDVgpE4iCi15fvJg=",
      "requires": {
        "traverse": ">=0.3.0 <0.4"
      },
      "dependencies": {
        "traverse": {
          "version": "0.3.9",
          "resolved": "https://registry.npmjs.org/traverse/-/traverse-0.3.9.tgz",
          "integrity": "sha1-cXuPIgzAu3tE5AUUwisui7xw2Lk="
        }
      }
    },
    "coffee-script": {
      "version": "1.12.7",
      "resolved": "https://registry.npmjs.org/coffee-script/-/coffee-script-1.12.7.tgz",
      "integrity": "sha512-fLeEhqwymYat/MpTPUjSKHVYYl0ec2mOyALEMLmzr5i1isuG+6jfI2j2d5oBO3VIzgUXgBVIcOT9uH1TFxBckw=="
    },
    "commondir": {
      "version": "0.0.2",
      "resolved": "https://registry.npmjs.org/commondir/-/commondir-0.0.2.tgz",
      "integrity": "sha1-xJyIgMb+loRLs1Jd0ucxQFDDie4="
    },
    "concat-stream": {
      "version": "1.0.1",
      "resolved": "https://registry.npmjs.org/concat-stream/-/concat-stream-1.0.1.tgz",
      "integrity": "sha1-AYsYvBx9BzotyCqkhEI0GixN158=",
      "requires": {
        "bops": "0.0.6"
      }
    },
    "crypto-browserify": {
      "version": "0.4.0",
      "resolved": "https://registry.npmjs.org/crypto-browserify/-/crypto-browserify-0.4.0.tgz",
      "integrity": "sha1-JG9qM3uITJn/6L+whaGEruYMM/M="
    },
    "deputy": {
      "version": "0.0.4",
      "resolved": "https://registry.npmjs.org/deputy/-/deputy-0.0.4.tgz",
      "integrity": "sha1-7cAKnvXFNSfEBTKFNMmXla2kHL8=",
      "requires": {
        "detective": "~0.2.0",
        "mkdirp": "~0.3.3"
      }
    },
    "detective": {
      "version": "0.2.1",
      "resolved": "https://registry.npmjs.org/detective/-/detective-0.2.1.tgz",
      "integrity": "sha1-nOkmAf0iOBDClDKtA0+MYti4ZU8=",
      "requires": {
        "esprima": "~0.9.9"
      }
    },
    "es5-shim": {
      "version": "1.2.10",
      "resolved": "https://registry.npmjs.org/es5-shim/-/es5-shim-1.2.10.tgz",
      "integrity": "sha1-oI4EkD4IapaaQ6CIw7UR7RujSI8="
    },
    "esprima": {
      "version": "0.9.9",
      "resolved": "https://registry.npmjs.org/esprima/-/esprima-0.9.9.tgz",
      "integrity": "sha1-G5CSXJddYy1ygpOcO7nDpCPDBJA="
    },
    "hashish": {
      "version": "0.0.4",
      "resolved": "https://registry.npmjs.org/hashish/-/hashish-0.0.4.tgz",
      "integrity": "sha1-bWC8b/r3Ebav1g5CbQd5iAFOZVQ=",
      "requires": {
        "traverse": ">=0.2.4"
      }
    },
    "http-browserify": {
      "version": "0.1.14",
      "resolved": "https://registry.npmjs.org/http-browserify/-/http-browserify-0.1.14.tgz",
      "integrity": "sha1-nIs/lAAiBFR8fL5Saa/i6mL3HH8=",
      "requires": {
        "Base64": "~0.1.2",
        "concat-stream": "~1.0.0"
      }
    },
    "indexof": {
      "version": "0.0.1",
      "resolved": "https://registry.npmjs.org/indexof/-/indexof-0.0.1.tgz",
      "integrity": "sha1-gtwzbSMrkGIXnQWrMpOmYFn9Q10="
    },
    "mkdirp": {
      "version": "0.3.5",
      "resolved": "https://registry.npmjs.org/mkdirp/-/mkdirp-0.3.5.tgz",
      "integrity": "sha1-3j5fiWHIjHh+4TaN+EmsRBPsqNc="
    },
    "nub": {
      "version": "0.0.0",
      "resolved": "https://registry.npmjs.org/nub/-/nub-0.0.0.tgz",
      "integrity": "sha1-s2m9Mr3eZq9ZYFw7BSC8IZ3MwE8="
    },
    "optimist": {
      "version": "0.3.7",
      "resolved": "https://registry.npmjs.org/optimist/-/optimist-0.3.7.tgz",
      "integrity": "sha1-yQlBrVnkJzMokjB00s8ufLxuwNk=",
      "requires": {
        "wordwrap": "~0.0.2"
      }
    },
    "resolve": {
      "version": "0.2.8",
      "resolved": "https://registry.npmjs.org/resolve/-/resolve-0.2.8.tgz",
      "integrity": "sha1-/bF9SrsOyvb4DWesA88pAIj2wNA="
    },
    "seq": {
      "version": "0.3.5",
      "resolved": "https://registry.npmjs.org/seq/-/seq-0.3.5.tgz",
      "integrity": "sha1-rgKvOkJHk9jMvyEtaRdODFTf/jg=",
      "requires": {
        "chainsaw": ">=0.0.7 <0.1",
        "hashish": ">=0.0.2 <0.1"
      },
      "dependencies": {
        "chainsaw": {
          "version": "0.0.9",
          "resolved": "https://registry.npmjs.org/chainsaw/-/chainsaw-0.0.9.tgz",
          "integrity": "sha1-EaBRAtHEx4W20EFdM21aOhYSkT4=",
          "requires": {
            "traverse": ">=0.3.0 <0.4"
          }
        },
        "traverse": {
          "version": "0.3.9",
          "resolved": "https://registry.npmjs.org/traverse/-/traverse-0.3.9.tgz",
          "integrity": "sha1-cXuPIgzAu3tE5AUUwisui7xw2Lk="
        }
      }
    },
    "shimify": {
      "version": "0.0.0",
      "resolved": "https://registry.npmjs.org/shimify/-/shimify-0.0.0.tgz",
      "integrity": "sha1-++x2i7oya0jgicp9sLuNV/XWTSM=",
      "requires": {
        "es5-shim": "1.2.x"
      }
    },
    "syntax-error": {
      "version": "0.0.1",
      "resolved": "https://registry.npmjs.org/syntax-error/-/syntax-error-0.0.1.tgz",
      "integrity": "sha1-AZ0HU0jNjFt58GA8c+U4kafFI10=",
      "requires": {
        "esprima": "~0.9.9"
      }
    },
    "to-utf8": {
      "version": "0.0.1",
      "resolved": "https://registry.npmjs.org/to-utf8/-/to-utf8-0.0.1.tgz",
      "integrity": "sha1-0Xrqcv8vujm55DYBvns/9y4ImFI="
    },
    "traverse": {
      "version": "0.6.6",
      "resolved": "https://registry.npmjs.org/traverse/-/traverse-0.6.6.tgz",
      "integrity": "sha1-y99WD9e5r2MlAv7UD5GMFX6pcTc="
    },
    "vm-browserify": {
      "version": "0.0.4",
      "resolved": "https://registry.npmjs.org/vm-browserify/-/vm-browserify-0.0.4.tgz",
      "integrity": "sha1-XX6kW7755Kb/ZflUOOCofDV9WnM=",
      "requires": {
        "indexof": "0.0.1"
      }
    },
    "wordwrap": {
      "version": "0.0.3",
      "resolved": "https://registry.npmjs.org/wordwrap/-/wordwrap-0.0.3.tgz",
      "integrity": "sha1-o9XabNXAvAAI03I0u68b7WMFkQc="
    }
  }
}
